
Microsoft Visual Studio Solution File, Format Version 12.00
# Visual Studio 2013
VisualStudioVersion = 12.0.31101.0
MinimumVisualStudioVersion = 10.0.40219.1
Project("{FAE04EC0-301F-11D3-BF4B-00C04F79EFBC}") = "KMorcinek.YetAnotherTodo", "KMorcinek.YetAnotherTodo\KMorcinek.YetAnotherTodo.csproj", "{B4F9C525-5C56-440E-B4C2-972A33D7C8CD}"
EndProject
Project("{FAE04EC0-301F-11D3-BF4B-00C04F79EFBC}") = "KMorcinek.YetAnotherTodo.DomainClasses", "KMorcinek.YetAnotherTodo.DomainClasses\KMorcinek.YetAnotherTodo.DomainClasses.csproj", "{3E0B5515-B450-4F46-A8AA-27ACCA599D11}"
EndProject
Project("{FAE04EC0-301F-11D3-BF4B-00C04F79EFBC}") = "KMorcinek.YetAnotherTodo.DataLayer", "KMorcinek.YetAnotherTodo.DataLayer\KMorcinek.YetAnotherTodo.DataLayer.csproj", "{9793E85E-3AFF-4CA3-BFCB-F57BF104764D}"
EndProject
Global
	GlobalSection(SolutionConfigurationPlatforms) = preSolution
		Debug|Any CPU = Debug|Any CPU
		Release|Any CPU = Release|Any CPU
	EndGlobalSection
	GlobalSection(ProjectConfigurationPlatforms) = postSolution
		{B4F9C525-5C56-440E-B4C2-972A33D7C8CD}.Debug|Any CPU.ActiveCfg = Debug|Any CPU
		{B4F9C525-5C56-440E-B4C2-972A33D7C8CD}.Debug|Any CPU.Build.0 = Debug|Any CPU
		{B4F9C525-5C56-440E-B4C2-972A33D7C8CD}.Release|Any CPU.ActiveCfg = Release|Any CPU
		{B4F9C525-5C56-440E-B4C2-972A33D7C8CD}.Release|Any CPU.Build.0 = Release|Any CPU
		{3E0B5515-B450-4F46-A8AA-27ACCA599D11}.Debug|Any CPU.ActiveCfg = Debug|Any CPU
		{3E0B5515-B450-4F46-A8AA-27ACCA599D11}.Debug|Any CPU.Build.0 = Debug|Any CPU
		{3E0B5515-B450-4F46-A8AA-27ACCA599D11}.Release|Any CPU.ActiveCfg = Release|Any CPU
		{3E0B5515-B450-4F46-A8AA-27ACCA599D11}.Release|Any CPU.Build.0 = Release|Any CPU
		{9793E85E-3AFF-4CA3-BFCB-F57BF104764D}.Debug|Any CPU.ActiveCfg = Debug|Any CPU
		{9793E85E-3AFF-4CA3-BFCB-F57BF104764D}.Debug|Any CPU.Build.0 = Debug|Any CPU
		{9793E85E-3AFF-4CA3-BFCB-F57BF104764D}.Release|Any CPU.ActiveCfg = Release|Any CPU
		{9793E85E-3AFF-4CA3-BFCB-F57BF104764D}.Release|Any CPU.Build.0 = Release|Any CPU
	EndGlobalSection
	GlobalSection(SolutionProperties) = preSolution
		HideSolutionNode = FALSE
	EndGlobalSection
EndGlobal
